
Microsoft Visual Studio Solution File, Format Version 12.00
# Visual Studio 15
VisualStudioVersion = 15.0.28307.645
MinimumVisualStudioVersion = 10.0.40219.1
Project("{FAE04EC0-301F-11D3-BF4B-00C04F79EFBC}") = "Commons", "Commons.csproj", "{D20BB249-7048-45DD-AFB1-1164495F5B3B}"
EndProject
Global
	GlobalSection(SolutionConfigurationPlatforms) = preSolution
		Debug|Any CPU = Debug|Any CPU
		Release|Any CPU = Release|Any CPU
	EndGlobalSection
	GlobalSection(ProjectConfigurationPlatforms) = postSolution
		{D20BB249-7048-45DD-AFB1-1164495F5B3B}.Debug|Any CPU.ActiveCfg = Debug|Any CPU
		{D20BB249-7048-45DD-AFB1-1164495F5B3B}.Debug|Any CPU.Build.0 = Debug|Any CPU
		{D20BB249-7048-45DD-AFB1-1164495F5B3B}.Release|Any CPU.ActiveCfg = Release|Any CPU
		{D20BB249-7048-45DD-AFB1-1164495F5B3B}.Release|Any CPU.Build.0 = Release|Any CPU
	EndGlobalSection
	GlobalSection(SolutionProperties) = preSolution
		HideSolutionNode = FALSE
	EndGlobalSection
	GlobalSection(ExtensibilityGlobals) = postSolution
		SolutionGuid = {0362AC3C-6069-4B1F-9699-1298726F912D}
	EndGlobalSection
EndGlobal
